
Microsoft Visual Studio Solution File, Format Version 9.00
# Visual Studio 2005
Project("{8BC9CEB8-8B4A-11D0-8D11-00A0C91BC942}") = "EasyFormatConverter", "EasyFormatConverter\EasyFormatConverter.vcproj", "{9CCDF714-3A62-4681-9EA4-47B332BE73F7}"
EndProject
Project("{8BC9CEB8-8B4A-11D0-8D11-00A0C91BC942}") = "commdll", "commdll.vcproj", "{DE90A326-24FB-4F36-B7E5-E06CEE02F749}"
	ProjectSection(ProjectDependencies) = postProject
		{9CCDF714-3A62-4681-9EA4-47B332BE73F7} = {9CCDF714-3A62-4681-9EA4-47B332BE73F7}
	EndProjectSection
EndProject
Global
	GlobalSection(SolutionConfigurationPlatforms) = preSolution
		Debug|Win32 = Debug|Win32
		Release|Win32 = Release|Win32
	EndGlobalSection
	GlobalSection(ProjectConfigurationPlatforms) = postSolution
		{9CCDF714-3A62-4681-9EA4-47B332BE73F7}.Debug|Win32.ActiveCfg = Debug|Win32
		{9CCDF714-3A62-4681-9EA4-47B332BE73F7}.Debug|Win32.Build.0 = Debug|Win32
		{9CCDF714-3A62-4681-9EA4-47B332BE73F7}.Release|Win32.ActiveCfg = Release|Win32
		{9CCDF714-3A62-4681-9EA4-47B332BE73F7}.Release|Win32.Build.0 = Release|Win32
		{DE90A326-24FB-4F36-B7E5-E06CEE02F749}.Debug|Win32.ActiveCfg = Debug|Win32
		{DE90A326-24FB-4F36-B7E5-E06CEE02F749}.Debug|Win32.Build.0 = Debug|Win32
		{DE90A326-24FB-4F36-B7E5-E06CEE02F749}.Release|Win32.ActiveCfg = Release|Win32
		{DE90A326-24FB-4F36-B7E5-E06CEE02F749}.Release|Win32.Build.0 = Release|Win32
	EndGlobalSection
	GlobalSection(SolutionProperties) = preSolution
		HideSolutionNode = FALSE
	EndGlobalSection
EndGlobal
